
Microsoft Visual Studio Solution File, Format Version 12.00
# Visual Studio Version 16
VisualStudioVersion = 16.0.32106.194
MinimumVisualStudioVersion = 10.0.40219.1
Project("{FAE04EC0-301F-11D3-BF4B-00C04F79EFBC}") = "DDACAssignment", "DDACAssignment\DDACAssignment.csproj", "{64A4F289-E894-40A9-90D0-027479DE936C}"
EndProject
Global
	GlobalSection(SolutionConfigurationPlatforms) = preSolution
		Debug|Any CPU = Debug|Any CPU
		Release|Any CPU = Release|Any CPU
	EndGlobalSection
	GlobalSection(ProjectConfigurationPlatforms) = postSolution
		{64A4F289-E894-40A9-90D0-027479DE936C}.Debug|Any CPU.ActiveCfg = Debug|Any CPU
		{64A4F289-E894-40A9-90D0-027479DE936C}.Debug|Any CPU.Build.0 = Debug|Any CPU
		{64A4F289-E894-40A9-90D0-027479DE936C}.Release|Any CPU.ActiveCfg = Release|Any CPU
		{64A4F289-E894-40A9-90D0-027479DE936C}.Release|Any CPU.Build.0 = Release|Any CPU
	EndGlobalSection
	GlobalSection(SolutionProperties) = preSolution
		HideSolutionNode = FALSE
	EndGlobalSection
	GlobalSection(ExtensibilityGlobals) = postSolution
		SolutionGuid = {EF55046C-C011-40C0-8AAE-7AD498674C0C}
	EndGlobalSection
EndGlobal
